{
    "_meta": {
        "hash": {
            "sha256": "9b8e437b098117b63c905ce83df828f2ac4702d8abc4fda42b6b46ec6978ac78"
        },
        "pipfile-spec": 6,
        "requires": {
            "python_version": "3.8"
        },
        "sources": [
            {
                "name": "pypi",
                "url": "https://pypi.org/simple",
                "verify_ssl": true
            }
        ]
    },
    "default": {
        "biopython": {
            "hashes": [
                "sha256:01951f2474b9fbd38fa34678d2e3fab95497ea3ffa0a5570b2444dd3f906d730",
                "sha256:0f3747f985e1890eb267752c4ef0163366a2232cbda4ff3b750dfd3b68e373dc",
                "sha256:1d9f473ea96fa4eafa8dba5c1e0c2e98876a93a63a5b90a8eeda9b9192ad18d9",
                "sha256:20550cad24f66d4c47be556464e892c3e7cadeadb83e28cd3118297dd4bc361b",
                "sha256:3071a4d3e93baa316b3016039335d23d854e922335a6af96af58645d5c7ee676",
                "sha256:3873cb98dad5e28d5e3f2215a012565345a398d3d2c4eebf7cd701757b828c72",
                "sha256:45d91b68f65c1ec6f9bcae1b07bd836c2b99de612d1502a2f08d59502b77e5c6",
                "sha256:4710fdaafdab18f20e5ff3e72732da4fe23c49e5bc0879c8cc07739cdd6b8088",
                "sha256:526e01568d8ec12f161fb800e967ede2943bf1b61d44151bdc7e4242e58733ff",
                "sha256:5f39d2ea4fb0d97fa2e3e8cb55f30dc82475cb95743e45779ffe2c2fd77ece5d",
                "sha256:61bb0effa0252e3f296c49867f3303ecbb0f67d03730482141ff4b204a2b400c",
                "sha256:628442d2cbdc0dfc04bd2f2cdc5d73712e2c30e6de4192f9cc6dc6badd3d8205",
                "sha256:637795f150c15fdc122bef6798c4189c9f3c3a6f0d18bfbfaf3cc150fcdf6796",
                "sha256:680b688ad6030b7efdd01eb2b9f0b3097b9ad509e9964597760a09dea5cdd5af",
                "sha256:76a6bee1429e88eeaed4aa858bb9f656f44c79db40f726767659e4f95b2fcdb5",
                "sha256:98c9b3e03233753cf5f3b6690a4be790f79a6ec290e2a578be1f0e2d982cf43b",
                "sha256:aee7756947bc79cbcf5a9087ae34d0318f02d85fd5e1914e7fe3dddd4df93520",
                "sha256:b1a29524cbea4eb7d6ef9c2626c8fdc3d21a1a0790b7a5a6725bfc57e129be39",
                "sha256:b4d7f28c53884a9282ba3cc5e2887ae40ce2b4abfbb78cfb7a33bebe06a8c43a",
                "sha256:d7cd8a169da9b44f878e218a51a494a7ccc5966a108f8607dcab360367fba6f3",
                "sha256:e09d7ae93f93639d58d9314a47ccf8ee9fde4a9e36ba810cd0843b4afd1b1ddc",
                "sha256:e3cad3ff77d19211430816e2bb5dd891b6a29f19e2441ef786979c42746c10b9",
                "sha256:e75b9400aa6122f2c5af75111426a1a07f1ab078b47bd8ef0ff9ca6c54fd398e",
                "sha256:f0c269d202c24fa1dc5afd4067320e1e9447904f31d0e7398b76c24e35fed35c",
                "sha256:f5a14d4122b126f21e1d623a3e2e6723101840516fce15f225e69608dc023302"
            ],
            "index": "pypi",
            "version": "==1.76"
        },
        "numpy": {
            "hashes": [
                "sha256:04c7d4ebc5ff93d9822075ddb1751ff392a4375e5885299445fcebf877f179d5",
                "sha256:0bfd85053d1e9f60234f28f63d4a5147ada7f432943c113a11afcf3e65d9d4c8",
                "sha256:0c66da1d202c52051625e55a249da35b31f65a81cb56e4c69af0dfb8fb0125bf",
                "sha256:0d310730e1e793527065ad7dde736197b705d0e4c9999775f212b03c44a8484c",
                "sha256:1669ec8e42f169ff715a904c9b2105b6640f3f2a4c4c2cb4920ae8b2785dac65",
                "sha256:2117536e968abb7357d34d754e3733b0d7113d4c9f1d921f21a3d96dec5ff716",
                "sha256:3733640466733441295b0d6d3dcbf8e1ffa7e897d4d82903169529fd3386919a",
                "sha256:4339741994c775396e1a274dba3609c69ab0f16056c1077f18979bec2a2c2e6e",
                "sha256:51ee93e1fac3fe08ef54ff1c7f329db64d8a9c5557e6c8e908be9497ac76374b",
                "sha256:54045b198aebf41bf6bf4088012777c1d11703bf74461d70cd350c0af2182e45",
                "sha256:58d66a6b3b55178a1f8a5fe98df26ace76260a70de694d99577ddeab7eaa9a9d",
                "sha256:59f3d687faea7a4f7f93bd9665e5b102f32f3fa28514f15b126f099b7997203d",
                "sha256:62139af94728d22350a571b7c82795b9d59be77fc162414ada6c8b6a10ef5d02",
                "sha256:7118f0a9f2f617f921ec7d278d981244ba83c85eea197be7c5a4f84af80a9c3c",
                "sha256:7c6646314291d8f5ea900a7ea9c4261f834b5b62159ba2abe3836f4fa6705526",
                "sha256:967c92435f0b3ba37a4257c48b8715b76741410467e2bdb1097e8391fccfae15",
                "sha256:9a3001248b9231ed73894c773142658bab914645261275f675d86c290c37f66d",
                "sha256:aba1d5daf1144b956bc87ffb87966791f5e9f3e1f6fab3d7f581db1f5b598f7a",
                "sha256:addaa551b298052c16885fc70408d3848d4e2e7352de4e7a1e13e691abc734c1",
                "sha256:b594f76771bc7fc8a044c5ba303427ee67c17a09b36e1fa32bde82f5c419d17a",
                "sha256:c35a01777f81e7333bcf276b605f39c872e28295441c265cd0c860f4b40148c1",
                "sha256:cebd4f4e64cfe87f2039e4725781f6326a61f095bc77b3716502bed812b385a9",
                "sha256:d526fa58ae4aead839161535d59ea9565863bb0b0bdb3cc63214613fb16aced4",
                "sha256:d7ac33585e1f09e7345aa902c281bd777fdb792432d27fca857f39b70e5dd31c",
                "sha256:e6ddbdc5113628f15de7e4911c02aed74a4ccff531842c583e5032f6e5a179bd",
                "sha256:eb25c381d168daf351147713f49c626030dcff7a393d5caa62515d415a6071d8"
            ],
            "markers": "python_version >= '3.6'",
            "version": "==1.19.2"
        },
        "scipy": {
            "hashes": [
                "sha256:00af72998a46c25bdb5824d2b729e7dabec0c765f9deb0b504f928591f5ff9d4",
                "sha256:0902a620a381f101e184a958459b36d3ee50f5effd186db76e131cbefcbb96f7",
                "sha256:1e3190466d669d658233e8a583b854f6386dd62d655539b77b3fa25bfb2abb70",
                "sha256:2cce3f9847a1a51019e8c5b47620da93950e58ebc611f13e0d11f4980ca5fecb",
                "sha256:3092857f36b690a321a662fe5496cb816a7f4eecd875e1d36793d92d3f884073",
                "sha256:386086e2972ed2db17cebf88610aab7d7f6e2c0ca30042dc9a89cf18dcc363fa",
                "sha256:71eb180f22c49066f25d6df16f8709f215723317cc951d99e54dc88020ea57be",
                "sha256:770254a280d741dd3436919d47e35712fb081a6ff8bafc0f319382b954b77802",
                "sha256:787cc50cab3020a865640aba3485e9fbd161d4d3b0d03a967df1a2881320512d",
                "sha256:8a07760d5c7f3a92e440ad3aedcc98891e915ce857664282ae3c0220f3301eb6",
                "sha256:8d3bc3993b8e4be7eade6dcc6fd59a412d96d3a33fa42b0fa45dc9e24495ede9",
                "sha256:9508a7c628a165c2c835f2497837bf6ac80eb25291055f56c129df3c943cbaf8",
                "sha256:a144811318853a23d32a07bc7fd5561ff0cac5da643d96ed94a4ffe967d89672",
                "sha256:a1aae70d52d0b074d8121333bc807a485f9f1e6a69742010b33780df2e60cfe0",
                "sha256:a2d6df9eb074af7f08866598e4ef068a2b310d98f87dc23bd1b90ec7bdcec802",
                "sha256:bb517872058a1f087c4528e7429b4a44533a902644987e7b2fe35ecc223bc408",
                "sha256:c5cac0c0387272ee0e789e94a570ac51deb01c796b37fb2aad1fb13f85e2f97d",
                "sha256:cc971a82ea1170e677443108703a2ec9ff0f70752258d0e9f5433d00dda01f59",
                "sha256:dba8306f6da99e37ea08c08fef6e274b5bf8567bb094d1dbe86a20e532aca088",
                "sha256:dc60bb302f48acf6da8ca4444cfa17d52c63c5415302a9ee77b3b21618090521",
                "sha256:dee1bbf3a6c8f73b6b218cb28eed8dd13347ea2f87d572ce19b289d6fd3fbc59"
            ],
            "index": "pypi",
            "version": "==1.4.1"
        }
    },
    "develop": {}
}
